// !$*UTF8*$!
{
	archiveVersion = 1;
	classes = {
	};
	objectVersion = 56;
	objects = {

/* Begin PBXBuildFile section */
		C24B6F722AC09A06006843A5 /* FruitNutrientsView.swift in Sources */ = {isa = PBXBuildFile; fileRef = C24B6F712AC09A06006843A5 /* FruitNutrientsView.swift */; };
		C24B6F742AC09E3A006843A5 /* SettingsView.swift in Sources */ = {isa = PBXBuildFile; fileRef = C24B6F732AC09E3A006843A5 /* SettingsView.swift */; };
		C2592A3C2ABEFE9C000D801E /* FructusApp.swift in Sources */ = {isa = PBXBuildFile; fileRef = C2592A3B2ABEFE9C000D801E /* FructusApp.swift */; };
		C2592A3E2ABEFE9C000D801E /* ContentView.swift in Sources */ = {isa = PBXBuildFile; fileRef = C2592A3D2ABEFE9C000D801E /* ContentView.swift */; };
		C2592A402ABEFE9D000D801E /* Assets.xcassets in Resources */ = {isa = PBXBuildFile; fileRef = C2592A3F2ABEFE9D000D801E /* Assets.xcassets */; };
		C2592A432ABEFE9D000D801E /* Preview Assets.xcassets in Resources */ = {isa = PBXBuildFile; fileRef = C2592A422ABEFE9D000D801E /* Preview Assets.xcassets */; };
		C2592A4C2ABF0270000D801E /* FruitCardView.swift in Sources */ = {isa = PBXBuildFile; fileRef = C2592A4B2ABF0270000D801E /* FruitCardView.swift */; };
		C2592A4F2ABF03B3000D801E /* ColorExtension.swift in Sources */ = {isa = PBXBuildFile; fileRef = C2592A4E2ABF03B3000D801E /* ColorExtension.swift */; };
		C2592A512ABF060A000D801E /* StartButtonView.swift in Sources */ = {isa = PBXBuildFile; fileRef = C2592A502ABF060A000D801E /* StartButtonView.swift */; };
		C2592A532ABF0810000D801E /* OnboardingView.swift in Sources */ = {isa = PBXBuildFile; fileRef = C2592A522ABF0810000D801E /* OnboardingView.swift */; };
		C2592A562ABF094D000D801E /* FruitModel.swift in Sources */ = {isa = PBXBuildFile; fileRef = C2592A552ABF094D000D801E /* FruitModel.swift */; };
		C2592A592ABF0B3C000D801E /* FruitData.swift in Sources */ = {isa = PBXBuildFile; fileRef = C2592A582ABF0B3C000D801E /* FruitData.swift */; };
		C2592A5B2ABF4C5B000D801E /* FruitRowView.swift in Sources */ = {isa = PBXBuildFile; fileRef = C2592A5A2ABF4C5B000D801E /* FruitRowView.swift */; };
		C2592A5D2ABF565E000D801E /* FruitDetailsView.swift in Sources */ = {isa = PBXBuildFile; fileRef = C2592A5C2ABF565E000D801E /* FruitDetailsView.swift */; };
		C2592A5F2ABF5957000D801E /* FruitHeaderView.swift in Sources */ = {isa = PBXBuildFile; fileRef = C2592A5E2ABF5957000D801E /* FruitHeaderView.swift */; };
		C2592A612ABF5E86000D801E /* SourceLinkView.swift in Sources */ = {isa = PBXBuildFile; fileRef = C2592A602ABF5E86000D801E /* SourceLinkView.swift */; };
/* End PBXBuildFile section */

/* Begin PBXFileReference section */
		C24B6F712AC09A06006843A5 /* FruitNutrientsView.swift */ = {isa = PBXFileReference; lastKnownFileType = sourcecode.swift; path = FruitNutrientsView.swift; sourceTree = "<group>"; };
		C24B6F732AC09E3A006843A5 /* SettingsView.swift */ = {isa = PBXFileReference; lastKnownFileType = sourcecode.swift; path = SettingsView.swift; sourceTree = "<group>"; };
		C2592A382ABEFE9C000D801E /* Fructus.app */ = {isa = PBXFileReference; explicitFileType = wrapper.application; includeInIndex = 0; path = Fructus.app; sourceTree = BUILT_PRODUCTS_DIR; };
		C2592A3B2ABEFE9C000D801E /* FructusApp.swift */ = {isa = PBXFileReference; lastKnownFileType = sourcecode.swift; path = FructusApp.swift; sourceTree = "<group>"; };
		C2592A3D2ABEFE9C000D801E /* ContentView.swift */ = {isa = PBXFileReference; lastKnownFileType = sourcecode.swift; path = ContentView.swift; sourceTree = "<group>"; };
		C2592A3F2ABEFE9D000D801E /* Assets.xcassets */ = {isa = PBXFileReference; lastKnownFileType = folder.assetcatalog; path = Assets.xcassets; sourceTree = "<group>"; };
		C2592A422ABEFE9D000D801E /* Preview Assets.xcassets */ = {isa = PBXFileReference; lastKnownFileType = folder.assetcatalog; path = "Preview Assets.xcassets"; sourceTree = "<group>"; };
		C2592A4B2ABF0270000D801E /* FruitCardView.swift */ = {isa = PBXFileReference; lastKnownFileType = sourcecode.swift; path = FruitCardView.swift; sourceTree = "<group>"; };
		C2592A4E2ABF03B3000D801E /* ColorExtension.swift */ = {isa = PBXFileReference; lastKnownFileType = sourcecode.swift; path = ColorExtension.swift; sourceTree = "<group>"; };
		C2592A502ABF060A000D801E /* StartButtonView.swift */ = {isa = PBXFileReference; lastKnownFileType = sourcecode.swift; path = StartButtonView.swift; sourceTree = "<group>"; };
		C2592A522ABF0810000D801E /* OnboardingView.swift */ = {isa = PBXFileReference; lastKnownFileType = sourcecode.swift; path = OnboardingView.swift; sourceTree = "<group>"; };
		C2592A552ABF094D000D801E /* FruitModel.swift */ = {isa = PBXFileReference; lastKnownFileType = sourcecode.swift; path = FruitModel.swift; sourceTree = "<group>"; };
		C2592A582ABF0B3C000D801E /* FruitData.swift */ = {isa = PBXFileReference; lastKnownFileType = sourcecode.swift; path = FruitData.swift; sourceTree = "<group>"; };
		C2592A5A2ABF4C5B000D801E /* FruitRowView.swift */ = {isa = PBXFileReference; lastKnownFileType = sourcecode.swift; path = FruitRowView.swift; sourceTree = "<group>"; };
		C2592A5C2ABF565E000D801E /* FruitDetailsView.swift */ = {isa = PBXFileReference; lastKnownFileType = sourcecode.swift; path = FruitDetailsView.swift; sourceTree = "<group>"; };
		C2592A5E2ABF5957000D801E /* FruitHeaderView.swift */ = {isa = PBXFileReference; lastKnownFileType = sourcecode.swift; path = FruitHeaderView.swift; sourceTree = "<group>"; };
		C2592A602ABF5E86000D801E /* SourceLinkView.swift */ = {isa = PBXFileReference; lastKnownFileType = sourcecode.swift; path = SourceLinkView.swift; sourceTree = "<group>"; };
/* End PBXFileReference section */

/* Begin PBXFrameworksBuildPhase section */
		C2592A352ABEFE9C000D801E /* Frameworks */ = {
			isa = PBXFrameworksBuildPhase;
			buildActionMask = 2147483647;
			files = (
			);
			runOnlyForDeploymentPostprocessing = 0;
		};
/* End PBXFrameworksBuildPhase section */

/* Begin PBXGroup section */
		C2592A2F2ABEFE9C000D801E = {
			isa = PBXGroup;
			children = (
				C2592A3A2ABEFE9C000D801E /* Fructus */,
				C2592A392ABEFE9C000D801E /* Products */,
			);
			sourceTree = "<group>";
		};
		C2592A392ABEFE9C000D801E /* Products */ = {
			isa = PBXGroup;
			children = (
				C2592A382ABEFE9C000D801E /* Fructus.app */,
			);
			name = Products;
			sourceTree = "<group>";
		};
		C2592A3A2ABEFE9C000D801E /* Fructus */ = {
			isa = PBXGroup;
			children = (
				C2592A572ABF0B27000D801E /* Data */,
				C2592A542ABF093E000D801E /* Models */,
				C2592A4D2ABF03A9000D801E /* Utilities */,
				C2592A4A2ABF024D000D801E /* Views */,
				C2592A492ABF0227000D801E /* App */,
				C2592A3F2ABEFE9D000D801E /* Assets.xcassets */,
				C2592A412ABEFE9D000D801E /* Preview Content */,
			);
			path = Fructus;
			sourceTree = "<group>";
		};
		C2592A412ABEFE9D000D801E /* Preview Content */ = {
			isa = PBXGroup;
			children = (
				C2592A422ABEFE9D000D801E /* Preview Assets.xcassets */,
			);
			path = "Preview Content";
			sourceTree = "<group>";
		};
		C2592A492ABF0227000D801E /* App */ = {
			isa = PBXGroup;
			children = (
				C2592A3B2ABEFE9C000D801E /* FructusApp.swift */,
				C2592A3D2ABEFE9C000D801E /* ContentView.swift */,
				C2592A522ABF0810000D801E /* OnboardingView.swift */,
				C2592A5C2ABF565E000D801E /* FruitDetailsView.swift */,
				C24B6F732AC09E3A006843A5 /* SettingsView.swift */,
			);
			path = App;
			sourceTree = "<group>";
		};
		C2592A4A2ABF024D000D801E /* Views */ = {
			isa = PBXGroup;
			children = (
				C2592A4B2ABF0270000D801E /* FruitCardView.swift */,
				C2592A502ABF060A000D801E /* StartButtonView.swift */,
				C2592A5A2ABF4C5B000D801E /* FruitRowView.swift */,
				C2592A5E2ABF5957000D801E /* FruitHeaderView.swift */,
				C2592A602ABF5E86000D801E /* SourceLinkView.swift */,
				C24B6F712AC09A06006843A5 /* FruitNutrientsView.swift */,
			);
			path = Views;
			sourceTree = "<group>";
		};
		C2592A4D2ABF03A9000D801E /* Utilities */ = {
			isa = PBXGroup;
			children = (
				C2592A4E2ABF03B3000D801E /* ColorExtension.swift */,
			);
			path = Utilities;
			sourceTree = "<group>";
		};
		C2592A542ABF093E000D801E /* Models */ = {
			isa = PBXGroup;
			children = (
				C2592A552ABF094D000D801E /* FruitModel.swift */,
			);
			path = Models;
			sourceTree = "<group>";
		};
		C2592A572ABF0B27000D801E /* Data */ = {
			isa = PBXGroup;
			children = (
				C2592A582ABF0B3C000D801E /* FruitData.swift */,
			);
			path = Data;
			sourceTree = "<group>";
		};
/* End PBXGroup section */

/* Begin PBXNativeTarget section */
		C2592A372ABEFE9C000D801E /* Fructus */ = {
			isa = PBXNativeTarget;
			buildConfigurationList = C2592A462ABEFE9D000D801E /* Build configuration list for PBXNativeTarget "Fructus" */;
			buildPhases = (
				C2592A342ABEFE9C000D801E /* Sources */,
				C2592A352ABEFE9C000D801E /* Frameworks */,
				C2592A362ABEFE9C000D801E /* Resources */,
			);
			buildRules = (
			);
			dependencies = (
			);
			name = Fructus;
			productName = Fructus;
			productReference = C2592A382ABEFE9C000D801E /* Fructus.app */;
			productType = "com.apple.product-type.application";
		};
/* End PBXNativeTarget section */

/* Begin PBXProject section */
		C2592A302ABEFE9C000D801E /* Project object */ = {
			isa = PBXProject;
			attributes = {
				BuildIndependentTargetsInParallel = 1;
				LastSwiftUpdateCheck = 1430;
				LastUpgradeCheck = 1430;
				TargetAttributes = {
					C2592A372ABEFE9C000D801E = {
						CreatedOnToolsVersion = 14.3.1;
					};
				};
			};
			buildConfigurationList = C2592A332ABEFE9C000D801E /* Build configuration list for PBXProject "Fructus" */;
			compatibilityVersion = "Xcode 14.0";
			developmentRegion = en;
			hasScannedForEncodings = 0;
			knownRegions = (
				en,
				Base,
			);
			mainGroup = C2592A2F2ABEFE9C000D801E;
			productRefGroup = C2592A392ABEFE9C000D801E /* Products */;
			projectDirPath = "";
			projectRoot = "";
			targets = (
				C2592A372ABEFE9C000D801E /* Fructus */,
			);
		};
/* End PBXProject section */

/* Begin PBXResourcesBuildPhase section */
		C2592A362ABEFE9C000D801E /* Resources */ = {
			isa = PBXResourcesBuildPhase;
			buildActionMask = 2147483647;
			files = (
				C2592A432ABEFE9D000D801E /* Preview Assets.xcassets in Resources */,
				C2592A402ABEFE9D000D801E /* Assets.xcassets in Resources */,
			);
			runOnlyForDeploymentPostprocessing = 0;
		};
/* End PBXResourcesBuildPhase section */

/* Begin PBXSourcesBuildPhase section */
		C2592A342ABEFE9C000D801E /* Sources */ = {
			isa = PBXSourcesBuildPhase;
			buildActionMask = 2147483647;
			files = (
				C2592A5D2ABF565E000D801E /* FruitDetailsView.swift in Sources */,
				C2592A4C2ABF0270000D801E /* FruitCardView.swift in Sources */,
				C2592A562ABF094D000D801E /* FruitModel.swift in Sources */,
				C24B6F722AC09A06006843A5 /* FruitNutrientsView.swift in Sources */,
				C2592A5B2ABF4C5B000D801E /* FruitRowView.swift in Sources */,
				C2592A4F2ABF03B3000D801E /* ColorExtension.swift in Sources */,
				C2592A3E2ABEFE9C000D801E /* ContentView.swift in Sources */,
				C24B6F742AC09E3A006843A5 /* SettingsView.swift in Sources */,
				C2592A532ABF0810000D801E /* OnboardingView.swift in Sources */,
				C2592A5F2ABF5957000D801E /* FruitHeaderView.swift in Sources */,
				C2592A512ABF060A000D801E /* StartButtonView.swift in Sources */,
				C2592A612ABF5E86000D801E /* SourceLinkView.swift in Sources */,
				C2592A592ABF0B3C000D801E /* FruitData.swift in Sources */,
				C2592A3C2ABEFE9C000D801E /* FructusApp.swift in Sources */,
			);
			runOnlyForDeploymentPostprocessing = 0;
		};
/* End PBXSourcesBuildPhase section */

/* Begin XCBuildConfiguration section */
		C2592A442ABEFE9D000D801E /* Debug */ = {
			isa = XCBuildConfiguration;
			buildSettings = {
				ALWAYS_SEARCH_USER_PATHS = NO;
				CLANG_ANALYZER_NONNULL = YES;
				CLANG_ANALYZER_NUMBER_OBJECT_CONVERSION = YES_AGGRESSIVE;
				CLANG_CXX_LANGUAGE_STANDARD = "gnu++20";
				CLANG_ENABLE_MODULES = YES;
				CLANG_ENABLE_OBJC_ARC = YES;
				CLANG_ENABLE_OBJC_WEAK = YES;
				CLANG_WARN_BLOCK_CAPTURE_AUTORELEASING = YES;
				CLANG_WARN_BOOL_CONVERSION = YES;
				CLANG_WARN_COMMA = YES;
				CLANG_WARN_CONSTANT_CONVERSION = YES;
				CLANG_WARN_DEPRECATED_OBJC_IMPLEMENTATIONS = YES;
				CLANG_WARN_DIRECT_OBJC_ISA_USAGE = YES_ERROR;
				CLANG_WARN_DOCUMENTATION_COMMENTS = YES;
				CLANG_WARN_EMPTY_BODY = YES;
				CLANG_WARN_ENUM_CONVERSION = YES;
				CLANG_WARN_INFINITE_RECURSION = YES;
				CLANG_WARN_INT_CONVERSION = YES;
				CLANG_WARN_NON_LITERAL_NULL_CONVERSION = YES;
				CLANG_WARN_OBJC_IMPLICIT_RETAIN_SELF = YES;
				CLANG_WARN_OBJC_LITERAL_CONVERSION = YES;
				CLANG_WARN_OBJC_ROOT_CLASS = YES_ERROR;
				CLANG_WARN_QUOTED_INCLUDE_IN_FRAMEWORK_HEADER = YES;
				CLANG_WARN_RANGE_LOOP_ANALYSIS = YES;
				CLANG_WARN_STRICT_PROTOTYPES = YES;
				CLANG_WARN_SUSPICIOUS_MOVE = YES;
				CLANG_WARN_UNGUARDED_AVAILABILITY = YES_AGGRESSIVE;
				CLANG_WARN_UNREACHABLE_CODE = YES;
				CLANG_WARN__DUPLICATE_METHOD_MATCH = YES;
				COPY_PHASE_STRIP = NO;
				DEBUG_INFORMATION_FORMAT = dwarf;
				ENABLE_STRICT_OBJC_MSGSEND = YES;
				ENABLE_TESTABILITY = YES;
				GCC_C_LANGUAGE_STANDARD = gnu11;
				GCC_DYNAMIC_NO_PIC = NO;
				GCC_NO_COMMON_BLOCKS = YES;
				GCC_OPTIMIZATION_LEVEL = 0;
				GCC_PREPROCESSOR_DEFINITIONS = (
					"DEBUG=1",
					"$(inherited)",
				);
				GCC_WARN_64_TO_32_BIT_CONVERSION = YES;
				GCC_WARN_ABOUT_RETURN_TYPE = YES_ERROR;
				GCC_WARN_UNDECLARED_SELECTOR = YES;
				GCC_WARN_UNINITIALIZED_AUTOS = YES_AGGRESSIVE;
				GCC_WARN_UNUSED_FUNCTION = YES;
				GCC_WARN_UNUSED_VARIABLE = YES;
				IPHONEOS_DEPLOYMENT_TARGET = 16.4;
				MTL_ENABLE_DEBUG_INFO = INCLUDE_SOURCE;
				MTL_FAST_MATH = YES;
				ONLY_ACTIVE_ARCH = YES;
				SDKROOT = iphoneos;
				SWIFT_ACTIVE_COMPILATION_CONDITIONS = DEBUG;
				SWIFT_OPTIMIZATION_LEVEL = "-Onone";
			};
			name = Debug;
		};
		C2592A452ABEFE9D000D801E /* Release */ = {
			isa = XCBuildConfiguration;
			buildSettings = {
				ALWAYS_SEARCH_USER_PATHS = NO;
				CLANG_ANALYZER_NONNULL = YES;
				CLANG_ANALYZER_NUMBER_OBJECT_CONVERSION = YES_AGGRESSIVE;
				CLANG_CXX_LANGUAGE_STANDARD = "gnu++20";
				CLANG_ENABLE_MODULES = YES;
				CLANG_ENABLE_OBJC_ARC = YES;
				CLANG_ENABLE_OBJC_WEAK = YES;
				CLANG_WARN_BLOCK_CAPTURE_AUTORELEASING = YES;
				CLANG_WARN_BOOL_CONVERSION = YES;
				CLANG_WARN_COMMA = YES;
				CLANG_WARN_CONSTANT_CONVERSION = YES;
				CLANG_WARN_DEPRECATED_OBJC_IMPLEMENTATIONS = YES;
				CLANG_WARN_DIRECT_OBJC_ISA_USAGE = YES_ERROR;
				CLANG_WARN_DOCUMENTATION_COMMENTS = YES;
				CLANG_WARN_EMPTY_BODY = YES;
				CLANG_WARN_ENUM_CONVERSION = YES;
				CLANG_WARN_INFINITE_RECURSION = YES;
				CLANG_WARN_INT_CONVERSION = YES;
				CLANG_WARN_NON_LITERAL_NULL_CONVERSION = YES;
				CLANG_WARN_OBJC_IMPLICIT_RETAIN_SELF = YES;
				CLANG_WARN_OBJC_LITERAL_CONVERSION = YES;
				CLANG_WARN_OBJC_ROOT_CLASS = YES_ERROR;
				CLANG_WARN_QUOTED_INCLUDE_IN_FRAMEWORK_HEADER = YES;
				CLANG_WARN_RANGE_LOOP_ANALYSIS = YES;
				CLANG_WARN_STRICT_PROTOTYPES = YES;
				CLANG_WARN_SUSPICIOUS_MOVE = YES;
				CLANG_WARN_UNGUARDED_AVAILABILITY = YES_AGGRESSIVE;
				CLANG_WARN_UNREACHABLE_CODE = YES;
				CLANG_WARN__DUPLICATE_METHOD_MATCH = YES;
				COPY_PHASE_STRIP = NO;
				DEBUG_INFORMATION_FORMAT = "dwarf-with-dsym";
				ENABLE_NS_ASSERTIONS = NO;
				ENABLE_STRICT_OBJC_MSGSEND = YES;
				GCC_C_LANGUAGE_STANDARD = gnu11;
				GCC_NO_COMMON_BLOCKS = YES;
				GCC_WARN_64_TO_32_BIT_CONVERSION = YES;
				GCC_WARN_ABOUT_RETURN_TYPE = YES_ERROR;
				GCC_WARN_UNDECLARED_SELECTOR = YES;
				GCC_WARN_UNINITIALIZED_AUTOS = YES_AGGRESSIVE;
				GCC_WARN_UNUSED_FUNCTION = YES;
				GCC_WARN_UNUSED_VARIABLE = YES;
				IPHONEOS_DEPLOYMENT_TARGET = 16.4;
				MTL_ENABLE_DEBUG_INFO = NO;
				MTL_FAST_MATH = YES;
				SDKROOT = iphoneos;
				SWIFT_COMPILATION_MODE = wholemodule;
				SWIFT_OPTIMIZATION_LEVEL = "-O";
				VALIDATE_PRODUCT = YES;
			};
			name = Release;
		};
		C2592A472ABEFE9D000D801E /* Debug */ = {
			isa = XCBuildConfiguration;
			buildSettings = {
				ASSETCATALOG_COMPILER_APPICON_NAME = AppIcon;
				ASSETCATALOG_COMPILER_GLOBAL_ACCENT_COLOR_NAME = AccentColor;
				CODE_SIGN_STYLE = Automatic;
				CURRENT_PROJECT_VERSION = 1;
				DEVELOPMENT_ASSET_PATHS = "\"Fructus/Preview Content\"";
				ENABLE_PREVIEWS = YES;
				GENERATE_INFOPLIST_FILE = YES;
				INFOPLIST_KEY_UIApplicationSceneManifest_Generation = YES;
				INFOPLIST_KEY_UIApplicationSupportsIndirectInputEvents = YES;
				INFOPLIST_KEY_UILaunchScreen_Generation = YES;
				INFOPLIST_KEY_UISupportedInterfaceOrientations = UIInterfaceOrientationPortrait;
				INFOPLIST_KEY_UISupportedInterfaceOrientations_iPad = "UIInterfaceOrientationLandscapeLeft UIInterfaceOrientationLandscapeRight UIInterfaceOrientationPortrait UIInterfaceOrientationPortraitUpsideDown";
				LD_RUNPATH_SEARCH_PATHS = (
					"$(inherited)",
					"@executable_path/Frameworks",
				);
				MARKETING_VERSION = 1.0;
				PRODUCT_BUNDLE_IDENTIFIER = dev.armankhan.Fructus;
				PRODUCT_NAME = "$(TARGET_NAME)";
				SWIFT_EMIT_LOC_STRINGS = YES;
				SWIFT_VERSION = 5.0;
				TARGETED_DEVICE_FAMILY = "1,2";
			};
			name = Debug;
		};
		C2592A482ABEFE9D000D801E /* Release */ = {
			isa = XCBuildConfiguration;
			buildSettings = {
				ASSETCATALOG_COMPILER_APPICON_NAME = AppIcon;
				ASSETCATALOG_COMPILER_GLOBAL_ACCENT_COLOR_NAME = AccentColor;
				CODE_SIGN_STYLE = Automatic;
				CURRENT_PROJECT_VERSION = 1;
				DEVELOPMENT_ASSET_PATHS = "\"Fructus/Preview Content\"";
				ENABLE_PREVIEWS = YES;
				GENERATE_INFOPLIST_FILE = YES;
				INFOPLIST_KEY_UIApplicationSceneManifest_Generation = YES;
				INFOPLIST_KEY_UIApplicationSupportsIndirectInputEvents = YES;
				INFOPLIST_KEY_UILaunchScreen_Generation = YES;
				INFOPLIST_KEY_UISupportedInterfaceOrientations = UIInterfaceOrientationPortrait;
				INFOPLIST_KEY_UISupportedInterfaceOrientations_iPad = "UIInterfaceOrientationLandscapeLeft UIInterfaceOrientationLandscapeRight UIInterfaceOrientationPortrait UIInterfaceOrientationPortraitUpsideDown";
				LD_RUNPATH_SEARCH_PATHS = (
					"$(inherited)",
					"@executable_path/Frameworks",
				);
				MARKETING_VERSION = 1.0;
				PRODUCT_BUNDLE_IDENTIFIER = dev.armankhan.Fructus;
				PRODUCT_NAME = "$(TARGET_NAME)";
				SWIFT_EMIT_LOC_STRINGS = YES;
				SWIFT_VERSION = 5.0;
				TARGETED_DEVICE_FAMILY = "1,2";
			};
			name = Release;
		};
/* End XCBuildConfiguration section */

/* Begin XCConfigurationList section */
		C2592A332ABEFE9C000D801E /* Build configuration list for PBXProject "Fructus" */ = {
			isa = XCConfigurationList;
			buildConfigurations = (
				C2592A442ABEFE9D000D801E /* Debug */,
				C2592A452ABEFE9D000D801E /* Release */,
			);
			defaultConfigurationIsVisible = 0;
			defaultConfigurationName = Release;
		};
		C2592A462ABEFE9D000D801E /* Build configuration list for PBXNativeTarget "Fructus" */ = {
			isa = XCConfigurationList;
			buildConfigurations = (
				C2592A472ABEFE9D000D801E /* Debug */,
				C2592A482ABEFE9D000D801E /* Release */,
			);
			defaultConfigurationIsVisible = 0;
			defaultConfigurationName = Release;
		};
/* End XCConfigurationList section */
	};
	rootObject = C2592A302ABEFE9C000D801E /* Project object */;
}
